
Microsoft Visual Studio Solution File, Format Version 12.00
# Visual Studio Version 16
VisualStudioVersion = 16.0.30011.22
MinimumVisualStudioVersion = 10.0.40219.1
Project("{FAE04EC0-301F-11D3-BF4B-00C04F79EFBC}") = "CreditApplication", "CreditApplication.csproj", "{BF89CF7D-FBFA-4A0C-9261-446F3B74D04E}"
EndProject
Global
	GlobalSection(SolutionConfigurationPlatforms) = preSolution
		Debug|Any CPU = Debug|Any CPU
		Release|Any CPU = Release|Any CPU
	EndGlobalSection
	GlobalSection(ProjectConfigurationPlatforms) = postSolution
		{BF89CF7D-FBFA-4A0C-9261-446F3B74D04E}.Debug|Any CPU.ActiveCfg = Debug|Any CPU
		{BF89CF7D-FBFA-4A0C-9261-446F3B74D04E}.Debug|Any CPU.Build.0 = Debug|Any CPU
		{BF89CF7D-FBFA-4A0C-9261-446F3B74D04E}.Release|Any CPU.ActiveCfg = Release|Any CPU
		{BF89CF7D-FBFA-4A0C-9261-446F3B74D04E}.Release|Any CPU.Build.0 = Release|Any CPU
	EndGlobalSection
	GlobalSection(SolutionProperties) = preSolution
		HideSolutionNode = FALSE
	EndGlobalSection
	GlobalSection(ExtensibilityGlobals) = postSolution
		SolutionGuid = {00B4532F-D830-47C3-AE89-5CBD2C7F33F6}
	EndGlobalSection
EndGlobal
